<?xml version="1.0" encoding="utf-8"?>
<Project ToolsVersion="4.0" xmlns="http://schemas.microsoft.com/developer/msbuild/2003">
  <ItemGroup>
    <Filter Include="ヘッダー ファイル">
      <UniqueIdentifier>{93995380-89BD-4b04-88EB-625FBE52EBFB}</UniqueIdentifier>
      <Extensions>h;hh;hpp;hxx;hm;inl;inc;ipp;xsd</Extensions>
    </Filter>
    <Filter Include="リソース ファイル">
      <UniqueIdentifier>{67DA6AB6-F800-4c08-8B7A-83BB121AAD01}</UniqueIdentifier>
      <Extensions>rc;ico;cur;bmp;dlg;rc2;rct;bin;rgs;gif;jpg;jpeg;jpe;resx;tiff;tif;png;wav;mfcribbon-ms</Extensions>
    </Filter>
    <Filter Include="リソース ファイル\Shader3D">
      <UniqueIdentifier>{2f607565-c00d-486e-b520-277fb629f7af}</UniqueIdentifier>
    </Filter>
    <Filter Include="リソース ファイル\Shader2D">
      <UniqueIdentifier>{346b8fb7-55b4-4c87-a416-5c8b430f0dec}</UniqueIdentifier>
    </Filter>
    <Filter Include="リソース ファイル\ShaderMultiRender">
      <UniqueIdentifier>{d43b5029-21d9-400a-a83c-08ba0ca7d7c7}</UniqueIdentifier>
    </Filter>
    <Filter Include="リソース ファイル\Shader3D\ClothSim">
      <UniqueIdentifier>{691858eb-6abf-442b-ab73-3d86ce04032f}</UniqueIdentifier>
    </Filter>
    <Filter Include="Source">
      <UniqueIdentifier>{2de8e241-6a88-4df3-b73b-09b50341b29e}</UniqueIdentifier>
    </Filter>
    <Filter Include="Source\Application">
      <UniqueIdentifier>{2675d0ef-8165-4f22-8956-24d2162be7da}</UniqueIdentifier>
    </Filter>
    <Filter Include="DirectXLib">
      <UniqueIdentifier>{3c5784f3-a2dc-42c6-863b-b69a32b19001}</UniqueIdentifier>
    </Filter>
    <Filter Include="DirectXLib\Shader">
      <UniqueIdentifier>{ba9f0c14-e39d-4a1f-b271-d711d0add70d}</UniqueIdentifier>
    </Filter>
    <Filter Include="DirectXLib\Shader\Shader2D">
      <UniqueIdentifier>{7b16cca9-ddb0-4058-b433-bd654d51a605}</UniqueIdentifier>
    </Filter>
    <Filter Include="DirectXLib\Shader\Shader3D">
      <UniqueIdentifier>{24bc8644-8c9d-4870-8c1d-d2ed92f02596}</UniqueIdentifier>
    </Filter>
    <Filter Include="DirectXLib\Shader\Shader3D\Cloth">
      <UniqueIdentifier>{40726b60-22cf-45ba-9910-1b779e4b92fd}</UniqueIdentifier>
    </Filter>
    <Filter Include="DirectXLib\Source">
      <UniqueIdentifier>{f1f5e86e-4bc3-47a1-a33e-316d729f0f38}</UniqueIdentifier>
    </Filter>
    <Filter Include="DirectXLib\Source\DirectX12Manager">
      <UniqueIdentifier>{3c284018-b148-4305-b310-bc63670806f3}</UniqueIdentifier>
    </Filter>
    <Filter Include="DirectXLib\Source\DxKeyConfig">
      <UniqueIdentifier>{a14e51f7-199c-4c50-8e38-d15ba73a49b1}</UniqueIdentifier>
    </Filter>
    <Filter Include="DirectXLib\Source\DxSound">
      <UniqueIdentifier>{4ee94fb2-8c45-47a6-a178-31b4c911a422}</UniqueIdentifier>
    </Filter>
    <Filter Include="DirectXLib\Source\DxSound\InputWavData">
      <UniqueIdentifier>{c053450e-584a-422d-a3ce-a822bf0d3005}</UniqueIdentifier>
    </Filter>
    <Filter Include="DirectXLib\Source\DxGraphics">
      <UniqueIdentifier>{ad283a5c-9d05-4621-adb7-476c7779c5dc}</UniqueIdentifier>
    </Filter>
    <Filter Include="DirectXLib\Source\DxGraphics\DxGraphics2D">
      <UniqueIdentifier>{3e05c707-d49e-4752-99a8-27f61befef50}</UniqueIdentifier>
    </Filter>
    <Filter Include="DirectXLib\Source\DxGraphics\DxGraphics2D\DxGraph2DVertex">
      <UniqueIdentifier>{c19fe574-10d5-4e65-b14b-5d6beb2a5151}</UniqueIdentifier>
    </Filter>
    <Filter Include="DirectXLib\Source\DxGraphics\DxGraphics2D\DxGraph2DVertex\DxGraph2DIndex">
      <UniqueIdentifier>{89c7f76a-6a63-4d89-8255-09d1a0dd89fc}</UniqueIdentifier>
    </Filter>
    <Filter Include="DirectXLib\Source\DxGraphics\DxGraphics2D\DxGraphics2DTexture">
      <UniqueIdentifier>{970e3307-acd5-45bd-ba30-10c625532ec9}</UniqueIdentifier>
    </Filter>
    <Filter Include="DirectXLib\Source\DxGraphics\DxGraphics3D">
      <UniqueIdentifier>{4bac114d-d7b5-4708-a113-5bc1321ff1fb}</UniqueIdentifier>
    </Filter>
    <Filter Include="DirectXLib\Source\DxGraphics\DxGraphics3D\ModelLoader">
      <UniqueIdentifier>{8a4f9494-449e-4ea2-8506-e71a8d2a4228}</UniqueIdentifier>
    </Filter>
    <Filter Include="DirectXLib\Source\DxGraphics\DxGraphics3D\ModelLoader\FbxModel">
      <UniqueIdentifier>{411c09b7-1758-4e91-89a7-42d849aaa829}</UniqueIdentifier>
    </Filter>
    <Filter Include="DirectXLib\Source\DxGraphics\DxGraphics3D\ModelLoader\PmxModel">
      <UniqueIdentifier>{93761f1f-26d4-474a-ba5a-cd30e9f0eed3}</UniqueIdentifier>
    </Filter>
    <Filter Include="DirectXLib\Source\DxGraphics\DxGraphicsPipeline">
      <UniqueIdentifier>{cd4de91b-083e-4ed8-bc89-3d5045108673}</UniqueIdentifier>
    </Filter>
    <Filter Include="DirectXLib\Source\DxGraphics\ViewPort">
      <UniqueIdentifier>{e74309aa-e84c-4945-b1e1-c6aa70849ca5}</UniqueIdentifier>
    </Filter>
    <Filter Include="DirectXLib\Source\DxGraphics\DxGraphicsMatrix">
      <UniqueIdentifier>{1cb3c099-307c-4f6d-9eef-ccdcf9f20915}</UniqueIdentifier>
    </Filter>
    <Filter Include="DirectXLib\Source\DxGraphics\UploadTexture">
      <UniqueIdentifier>{4b5ed0c5-a861-46ad-bea9-98a33f19f5d6}</UniqueIdentifier>
    </Filter>
    <Filter Include="DirectXLib\Source\DxGraphics\DxRootSignature">
      <UniqueIdentifier>{68e59725-0a7b-4ac1-9cd5-ed603b24dbc4}</UniqueIdentifier>
    </Filter>
    <Filter Include="DirectXLib\Source\Phisicas">
      <UniqueIdentifier>{94def666-6e5a-4b83-982c-1f523a8620b2}</UniqueIdentifier>
    </Filter>
    <Filter Include="DirectXLib\Source\Phisicas\ClothSimulator">
      <UniqueIdentifier>{464cda8e-39c0-4522-924d-144ebac3b0a0}</UniqueIdentifier>
    </Filter>
    <Filter Include="DirectXLib\Source\Phisicas\ClothSimulator\ClothData">
      <UniqueIdentifier>{0ddcd82c-2fb4-4157-8716-8220dd2f7795}</UniqueIdentifier>
    </Filter>
    <Filter Include="DirectXLib\Source\Phisicas\ClothSimulator\MassSpringModel">
      <UniqueIdentifier>{9f79db48-4c67-40c5-ba42-008185a5200f}</UniqueIdentifier>
    </Filter>
    <Filter Include="DirectXLib\Source\Phisicas\ClothSimulator\SpringForceCalculator">
      <UniqueIdentifier>{0a7ba1ab-c3fe-4019-b3a3-606a92f4ff9a}</UniqueIdentifier>
    </Filter>
    <Filter Include="DirectXLib\Source\Phisicas\ClothSimulator\SpringForceCalculator\ClothCollider">
      <UniqueIdentifier>{cdfaf14a-5019-414c-915f-99db3b4201bb}</UniqueIdentifier>
    </Filter>
    <Filter Include="DirectXLib\Source\Phisicas\ClothSimulator\SpringForceCalculator\StructuralSpring">
      <UniqueIdentifier>{3d3f255d-964e-496a-8558-299921ea3137}</UniqueIdentifier>
    </Filter>
    <Filter Include="DirectXLib\Source\Phisicas\ClothSimulator\SpringForceCalculator\ShearSpring">
      <UniqueIdentifier>{98778358-1e61-49bf-993f-09e465cc605d}</UniqueIdentifier>
    </Filter>
    <Filter Include="DirectXLib\Source\Phisicas\ClothSimulator\SpringForceCalculator\BendingSpring">
      <UniqueIdentifier>{d14c7726-6f2c-4055-a8cb-f334cef2263b}</UniqueIdentifier>
    </Filter>
    <Filter Include="DirectXLib\Source\VectorMath">
      <UniqueIdentifier>{81005658-491d-4fa1-a7db-5e3693c70094}</UniqueIdentifier>
    </Filter>
    <Filter Include="DirectXLib\Source\ShaderManager">
      <UniqueIdentifier>{74eaf55d-b7f0-4a48-ac3a-392fda17c11c}</UniqueIdentifier>
    </Filter>
    <Filter Include="DirectXLib\Source\ShaderManager\ComputeShader">
      <UniqueIdentifier>{f6321a12-1351-4b6b-befa-bef9408e6c8a}</UniqueIdentifier>
    </Filter>
    <Filter Include="DirectXLib\Source\LibHelper">
      <UniqueIdentifier>{ec29b673-5c70-4c97-b57c-96bcfb91ab79}</UniqueIdentifier>
    </Filter>
    <Filter Include="DirectXLib\Source\DxGraphics\DxGraphics3D\ModelData">
      <UniqueIdentifier>{b9c03e32-299a-420e-924d-cd6bb6c0665f}</UniqueIdentifier>
    </Filter>
    <Filter Include="DirectXLib\Shader\Shader3D\Cloth\ClothProp">
      <UniqueIdentifier>{ed2f4164-be26-4403-8336-8d686e3ceff8}</UniqueIdentifier>
    </Filter>
    <Filter Include="DirectXLib\Shader\Shader3D\Cloth\SpringCalculator">
      <UniqueIdentifier>{6ac391f4-fea1-4b02-8010-9c86c94aba17}</UniqueIdentifier>
    </Filter>
    <Filter Include="DirectXLib\Source\Phisicas\ClothSimulator\ClothShader">
      <UniqueIdentifier>{6723b629-0c31-4cdc-8eeb-f28ec6316a87}</UniqueIdentifier>
    </Filter>
    <Filter Include="DirectXLib\Source\Phisicas\ClothSimulator\ClothShader\ClothSpringShader">
      <UniqueIdentifier>{994f7c32-89bd-48d4-b39c-84616ea519e6}</UniqueIdentifier>
    </Filter>
    <Filter Include="DirectXLib\Source\Phisicas\ClothSimulator\ClothShader\ClothCollisionShader">
      <UniqueIdentifier>{6ae83166-806d-491a-ba15-2bce0850d94d}</UniqueIdentifier>
    </Filter>
    <Filter Include="DirectXLib\Source\Phisicas\ClothSimulator\ClothShader\ClothCollisionShader\CollisionSort">
      <UniqueIdentifier>{c249101c-0ded-4660-af52-fed8b2c8a5b6}</UniqueIdentifier>
    </Filter>
  </ItemGroup>
  <ItemGroup>
    <ClInclude Include="Source\Application\Application.h">
      <Filter>Source\Application</Filter>
    </ClInclude>
    <ClInclude Include="DirectXLib\Source\DirectX12Manager\DirectX12Manager.h">
      <Filter>DirectXLib\Source\DirectX12Manager</Filter>
    </ClInclude>
    <ClInclude Include="DirectXLib\Source\DxKeyConfig\DxKeyConfig.h">
      <Filter>DirectXLib\Source\DxKeyConfig</Filter>
    </ClInclude>
    <ClInclude Include="DirectXLib\Source\DxSound\DxSound.h">
      <Filter>DirectXLib\Source\DxSound</Filter>
    </ClInclude>
    <ClInclude Include="DirectXLib\Source\DxSound\InputWavData\InputWavData.h">
      <Filter>DirectXLib\Source\DxSound\InputWavData</Filter>
    </ClInclude>
    <ClInclude Include="DirectXLib\Source\DxGraphics\DxGraphics.h">
      <Filter>DirectXLib\Source\DxGraphics</Filter>
    </ClInclude>
    <ClInclude Include="DirectXLib\Source\DxGraphics\ViewPort\DxGraphicsViewPort.h">
      <Filter>DirectXLib\Source\DxGraphics\ViewPort</Filter>
    </ClInclude>
    <ClInclude Include="DirectXLib\Source\DxGraphics\DxGraphics2D\DxGraphics2D.h">
      <Filter>DirectXLib\Source\DxGraphics\DxGraphics2D</Filter>
    </ClInclude>
    <ClInclude Include="DirectXLib\Source\DxGraphics\DxGraphics2D\DxGraph2DVertex\DxGraph2DVertex.h">
      <Filter>DirectXLib\Source\DxGraphics\DxGraphics2D\DxGraph2DVertex</Filter>
    </ClInclude>
    <ClInclude Include="DirectXLib\Source\DxGraphics\DxGraphics2D\DxGraph2DVertex\DxGraph2DIndex\DxGraph2DIndex.h">
      <Filter>DirectXLib\Source\DxGraphics\DxGraphics2D\DxGraph2DVertex\DxGraph2DIndex</Filter>
    </ClInclude>
    <ClInclude Include="DirectXLib\Source\DxGraphics\DxGraphicsMatrix\DxGraphicsMatrix.h">
      <Filter>DirectXLib\Source\DxGraphics\DxGraphicsMatrix</Filter>
    </ClInclude>
    <ClInclude Include="DirectXLib\Source\DxGraphics\DxGraphics3D\DxGraphics3D.h">
      <Filter>DirectXLib\Source\DxGraphics\DxGraphics3D</Filter>
    </ClInclude>
    <ClInclude Include="DirectXLib\Source\DxGraphics\DxGraphics2D\DxGraphics2DTexture\DxGraphics2DTexture.h">
      <Filter>DirectXLib\Source\DxGraphics\DxGraphics2D\DxGraphics2DTexture</Filter>
    </ClInclude>
    <ClInclude Include="DirectXLib\Source\DxGraphics\UploadTexture\UploadTexture.h">
      <Filter>DirectXLib\Source\DxGraphics\UploadTexture</Filter>
    </ClInclude>
    <ClInclude Include="DirectXLib\Source\DxGraphics\DxGraphicsPipeline\DxGraphicsPipeline.h">
      <Filter>DirectXLib\Source\DxGraphics\DxGraphicsPipeline</Filter>
    </ClInclude>
    <ClInclude Include="DirectXLib\Source\DxGraphics\DxRootSignature\DxRootSignature.h">
      <Filter>DirectXLib\Source\DxGraphics\DxRootSignature</Filter>
    </ClInclude>
    <ClInclude Include="DirectXLib\Source\DxGraphics\DxGraphics3D\ModelData\ModelData.h">
      <Filter>DirectXLib\Source\DxGraphics\DxGraphics3D\ModelData</Filter>
    </ClInclude>
    <ClInclude Include="DirectXLib\Source\DxGraphics\DxGraphics3D\ModelLoader\FbxModel\FbxModel.h">
      <Filter>DirectXLib\Source\DxGraphics\DxGraphics3D\ModelLoader\FbxModel</Filter>
    </ClInclude>
    <ClInclude Include="DirectXLib\Source\VectorMath\VectorMath.h">
      <Filter>DirectXLib\Source\VectorMath</Filter>
    </ClInclude>
    <ClInclude Include="DirectXLib\Source\Phisicas\ClothSimulator\ClothSimulator.h">
      <Filter>DirectXLib\Source\Phisicas\ClothSimulator</Filter>
    </ClInclude>
    <ClInclude Include="DirectXLib\Source\Phisicas\ClothSimulator\ClothData\SpringData.h">
      <Filter>DirectXLib\Source\Phisicas\ClothSimulator\ClothData</Filter>
    </ClInclude>
    <ClInclude Include="DirectXLib\Source\Phisicas\ClothSimulator\MassSpringModel\MassSpringModel.h">
      <Filter>DirectXLib\Source\Phisicas\ClothSimulator\MassSpringModel</Filter>
    </ClInclude>
    <ClInclude Include="DirectXLib\Source\Phisicas\ClothSimulator\SpringForceCalculator\SpringForceCalculator.h">
      <Filter>DirectXLib\Source\Phisicas\ClothSimulator\SpringForceCalculator</Filter>
    </ClInclude>
    <ClInclude Include="DirectXLib\Source\Phisicas\ClothSimulator\SpringForceCalculator\ClothCollider\ClothCollider.h">
      <Filter>DirectXLib\Source\Phisicas\ClothSimulator\SpringForceCalculator\ClothCollider</Filter>
    </ClInclude>
    <ClInclude Include="DirectXLib\Source\ShaderManager\ShaderManager.h">
      <Filter>DirectXLib\Source\ShaderManager</Filter>
    </ClInclude>
    <ClInclude Include="DirectXLib\Source\ShaderManager\ComputeShader\ComputeShader.h">
      <Filter>DirectXLib\Source\ShaderManager\ComputeShader</Filter>
    </ClInclude>
    <ClInclude Include="DirectXLib\Source\LibHelper\LibHelper.h">
      <Filter>DirectXLib\Source\LibHelper</Filter>
    </ClInclude>
    <ClInclude Include="DirectXLib\Source\Phisicas\ClothSimulator\SpringForceCalculator\StructuralSpring\StructuralSpring.h">
      <Filter>DirectXLib\Source\Phisicas\ClothSimulator\SpringForceCalculator\StructuralSpring</Filter>
    </ClInclude>
    <ClInclude Include="DirectXLib\Source\Phisicas\ClothSimulator\SpringForceCalculator\ShearSpring\ShearSpring.h">
      <Filter>DirectXLib\Source\Phisicas\ClothSimulator\SpringForceCalculator\ShearSpring</Filter>
    </ClInclude>
    <ClInclude Include="DirectXLib\Source\Phisicas\ClothSimulator\SpringForceCalculator\BendingSpring\BendingSpring.h">
      <Filter>DirectXLib\Source\Phisicas\ClothSimulator\SpringForceCalculator\BendingSpring</Filter>
    </ClInclude>
    <ClInclude Include="DirectXLib\Source\DxGraphics\DxGraphics3D\ModelLoader\PmxModel\PmxModel.h">
      <Filter>DirectXLib\Source\DxGraphics\DxGraphics3D\ModelLoader\PmxModel</Filter>
    </ClInclude>
    <ClInclude Include="DirectXLib\Source\Phisicas\ClothSimulator\ClothShader\ClothCollisionShader\ClothCollisionShader.h">
      <Filter>DirectXLib\Source\Phisicas\ClothSimulator\ClothShader\ClothCollisionShader</Filter>
    </ClInclude>
    <ClInclude Include="DirectXLib\Source\Phisicas\ClothSimulator\ClothShader\ClothShader.h">
      <Filter>DirectXLib\Source\Phisicas\ClothSimulator\ClothShader</Filter>
    </ClInclude>
    <ClInclude Include="DirectXLib\Source\Phisicas\ClothSimulator\ClothShader\ClothCollisionShader\CollisionSort\CollisionSort.h">
      <Filter>DirectXLib\Source\Phisicas\ClothSimulator\ClothShader\ClothCollisionShader\CollisionSort</Filter>
    </ClInclude>
    <ClInclude Include="DirectXLib\Source\Phisicas\ClothSimulator\ClothShader\ClothSpringShader\ClothSpringShader.h">
      <Filter>DirectXLib\Source\Phisicas\ClothSimulator\ClothShader\ClothSpringShader</Filter>
    </ClInclude>
  </ItemGroup>
  <ItemGroup>
    <ClCompile Include="Source\main.cpp">
      <Filter>Source</Filter>
    </ClCompile>
    <ClCompile Include="Source\Application\Application.cpp">
      <Filter>Source\Application</Filter>
    </ClCompile>
    <ClCompile Include="DirectXLib\Source\DirectX12Manager\DirectX12Manager.cpp">
      <Filter>DirectXLib\Source\DirectX12Manager</Filter>
    </ClCompile>
    <ClCompile Include="DirectXLib\Source\DxKeyConfig\DxKeyConfig.cpp">
      <Filter>DirectXLib\Source\DxKeyConfig</Filter>
    </ClCompile>
    <ClCompile Include="DirectXLib\Source\DxSound\DxSound.cpp">
      <Filter>DirectXLib\Source\DxSound</Filter>
    </ClCompile>
    <ClCompile Include="DirectXLib\Source\DxSound\InputWavData\InputWavData.cpp">
      <Filter>DirectXLib\Source\DxSound\InputWavData</Filter>
    </ClCompile>
    <ClCompile Include="DirectXLib\Source\DxGraphics\DxGraphics.cpp">
      <Filter>DirectXLib\Source\DxGraphics</Filter>
    </ClCompile>
    <ClCompile Include="DirectXLib\Source\DxGraphics\ViewPort\DxGraphicsViewPort.cpp">
      <Filter>DirectXLib\Source\DxGraphics\ViewPort</Filter>
    </ClCompile>
    <ClCompile Include="DirectXLib\Source\DxGraphics\DxGraphics2D\DxGraphics2D.cpp">
      <Filter>DirectXLib\Source\DxGraphics\DxGraphics2D</Filter>
    </ClCompile>
    <ClCompile Include="DirectXLib\Source\DxGraphics\DxGraphics2D\DxGraph2DVertex\DxGraph2DVertex.cpp">
      <Filter>DirectXLib\Source\DxGraphics\DxGraphics2D\DxGraph2DVertex</Filter>
    </ClCompile>
    <ClCompile Include="DirectXLib\Source\DxGraphics\DxGraphics2D\DxGraph2DVertex\DxGraph2DIndex\DxGraph2DIndex.cpp">
      <Filter>DirectXLib\Source\DxGraphics\DxGraphics2D\DxGraph2DVertex\DxGraph2DIndex</Filter>
    </ClCompile>
    <ClCompile Include="DirectXLib\Source\DxGraphics\DxGraphicsMatrix\DxGraphicsMatrix.cpp">
      <Filter>DirectXLib\Source\DxGraphics\DxGraphicsMatrix</Filter>
    </ClCompile>
    <ClCompile Include="DirectXLib\Source\DxGraphics\DxGraphics3D\DxGraphics3D.cpp">
      <Filter>DirectXLib\Source\DxGraphics\DxGraphics3D</Filter>
    </ClCompile>
    <ClCompile Include="DirectXLib\Source\DxGraphics\DxGraphics2D\DxGraphics2DTexture\DxGraphics2DTexture.cpp">
      <Filter>DirectXLib\Source\DxGraphics\DxGraphics2D\DxGraphics2DTexture</Filter>
    </ClCompile>
    <ClCompile Include="DirectXLib\Source\DxGraphics\UploadTexture\UploadTexture.cpp">
      <Filter>DirectXLib\Source\DxGraphics\UploadTexture</Filter>
    </ClCompile>
    <ClCompile Include="DirectXLib\Source\DxGraphics\DxGraphicsPipeline\DxGraphicsPipeline.cpp">
      <Filter>DirectXLib\Source\DxGraphics\DxGraphicsPipeline</Filter>
    </ClCompile>
    <ClCompile Include="DirectXLib\Source\DxGraphics\DxRootSignature\DxRootSignature.cpp">
      <Filter>DirectXLib\Source\DxGraphics\DxRootSignature</Filter>
    </ClCompile>
    <ClCompile Include="DirectXLib\Source\DxGraphics\DxGraphics3D\ModelLoader\FbxModel\FbxModel.cpp">
      <Filter>DirectXLib\Source\DxGraphics\DxGraphics3D\ModelLoader\FbxModel</Filter>
    </ClCompile>
    <ClCompile Include="DirectXLib\Source\VectorMath\VectorMath.cpp">
      <Filter>DirectXLib\Source\VectorMath</Filter>
    </ClCompile>
    <ClCompile Include="DirectXLib\Source\Phisicas\ClothSimulator\ClothSimulator.cpp">
      <Filter>DirectXLib\Source\Phisicas\ClothSimulator</Filter>
    </ClCompile>
    <ClCompile Include="DirectXLib\Source\Phisicas\ClothSimulator\MassSpringModel\MassSpringModel.cpp">
      <Filter>DirectXLib\Source\Phisicas\ClothSimulator\MassSpringModel</Filter>
    </ClCompile>
    <ClCompile Include="DirectXLib\Source\Phisicas\ClothSimulator\SpringForceCalculator\SpringForceCalculator.cpp">
      <Filter>DirectXLib\Source\Phisicas\ClothSimulator\SpringForceCalculator</Filter>
    </ClCompile>
    <ClCompile Include="DirectXLib\Source\Phisicas\ClothSimulator\SpringForceCalculator\ClothCollider\ClothCollider.cpp">
      <Filter>DirectXLib\Source\Phisicas\ClothSimulator\SpringForceCalculator\ClothCollider</Filter>
    </ClCompile>
    <ClCompile Include="DirectXLib\Source\ShaderManager\ShaderManager.cpp">
      <Filter>DirectXLib\Source\ShaderManager</Filter>
    </ClCompile>
    <ClCompile Include="DirectXLib\Source\ShaderManager\ComputeShader\ComputeShader.cpp">
      <Filter>DirectXLib\Source\ShaderManager\ComputeShader</Filter>
    </ClCompile>
    <ClCompile Include="DirectXLib\Source\LibHelper\LibHelper.cpp">
      <Filter>DirectXLib\Source\LibHelper</Filter>
    </ClCompile>
    <ClCompile Include="DirectXLib\Source\Phisicas\ClothSimulator\SpringForceCalculator\StructuralSpring\StructuralSpring.cpp">
      <Filter>DirectXLib\Source\Phisicas\ClothSimulator\SpringForceCalculator\StructuralSpring</Filter>
    </ClCompile>
    <ClCompile Include="DirectXLib\Source\Phisicas\ClothSimulator\SpringForceCalculator\ShearSpring\ShearSpring.cpp">
      <Filter>DirectXLib\Source\Phisicas\ClothSimulator\SpringForceCalculator\ShearSpring</Filter>
    </ClCompile>
    <ClCompile Include="DirectXLib\Source\Phisicas\ClothSimulator\SpringForceCalculator\BendingSpring\BendingSpring.cpp">
      <Filter>DirectXLib\Source\Phisicas\ClothSimulator\SpringForceCalculator\BendingSpring</Filter>
    </ClCompile>
    <ClCompile Include="DirectXLib\Source\DxGraphics\DxGraphics3D\ModelLoader\PmxModel\PmxModel.cpp">
      <Filter>DirectXLib\Source\DxGraphics\DxGraphics3D\ModelLoader\PmxModel</Filter>
    </ClCompile>
    <ClCompile Include="DirectXLib\Source\DxGraphics\DxGraphics3D\ModelData\ModelData.cpp">
      <Filter>DirectXLib\Source\DxGraphics\DxGraphics3D\ModelData</Filter>
    </ClCompile>
    <ClCompile Include="DirectXLib\Source\Phisicas\ClothSimulator\ClothShader\ClothSpringShader\ClothSpringShader.cpp">
      <Filter>DirectXLib\Source\Phisicas\ClothSimulator\ClothShader\ClothSpringShader</Filter>
    </ClCompile>
    <ClCompile Include="DirectXLib\Source\Phisicas\ClothSimulator\ClothShader\ClothCollisionShader\ClothCollisionShader.cpp">
      <Filter>DirectXLib\Source\Phisicas\ClothSimulator\ClothShader\ClothCollisionShader</Filter>
    </ClCompile>
    <ClCompile Include="DirectXLib\Source\Phisicas\ClothSimulator\ClothShader\ClothShader.cpp">
      <Filter>DirectXLib\Source\Phisicas\ClothSimulator\ClothShader</Filter>
    </ClCompile>
    <ClCompile Include="DirectXLib\Source\Phisicas\ClothSimulator\ClothShader\ClothCollisionShader\CollisionSort\CollisionSort.cpp">
      <Filter>DirectXLib\Source\Phisicas\ClothSimulator\ClothShader\ClothCollisionShader\CollisionSort</Filter>
    </ClCompile>
  </ItemGroup>
  <ItemGroup>
    <None Include="DirectXLib\Shader\Shader3D\Header3D.hlsli">
      <Filter>DirectXLib\Shader\Shader3D</Filter>
    </None>
    <None Include="DirectXLib\Shader\Shader2D\Header2D.hlsli">
      <Filter>DirectXLib\Shader\Shader2D</Filter>
    </None>
    <None Include="DirectXLib\Shader\Shader3D\Cloth\ClothProp\ClothData.hlsli">
      <Filter>DirectXLib\Shader\Shader3D\Cloth\ClothProp</Filter>
    </None>
    <None Include="DirectXLib\Shader\Shader3D\Cloth\ClothProp\CSRootSig.hlsli">
      <Filter>DirectXLib\Shader\Shader3D\Cloth\ClothProp</Filter>
    </None>
    <None Include="DirectXLib\Shader\Shader3D\Cloth\SpringCalculator\VectLib.hlsli">
      <Filter>DirectXLib\Shader\Shader3D\Cloth\SpringCalculator</Filter>
    </None>
    <None Include="DirectXLib\Shader\Shader3D\Cloth\SpringCalculator\SpringCalculator.hlsli">
      <Filter>DirectXLib\Shader\Shader3D\Cloth\SpringCalculator</Filter>
    </None>
    <None Include="DirectXLib\Shader\Shader3D\Cloth\ClothProp\CCRootSig.hlsli">
      <Filter>DirectXLib\Shader\Shader3D\Cloth\ClothProp</Filter>
    </None>
  </ItemGroup>
  <ItemGroup>
    <FxCompile Include="DirectXLib\Shader\Shader3D\Pixel3D.hlsl">
      <Filter>DirectXLib\Shader\Shader3D</Filter>
    </FxCompile>
    <FxCompile Include="DirectXLib\Shader\Shader3D\Vertex3D.hlsl">
      <Filter>DirectXLib\Shader\Shader3D</Filter>
    </FxCompile>
    <FxCompile Include="DirectXLib\Shader\Shader3D\Cloth\ClothCollider.hlsl">
      <Filter>DirectXLib\Shader\Shader3D\Cloth</Filter>
    </FxCompile>
    <FxCompile Include="DirectXLib\Shader\Shader2D\Pixel2D.hlsl">
      <Filter>DirectXLib\Shader\Shader2D</Filter>
    </FxCompile>
    <FxCompile Include="DirectXLib\Shader\Shader2D\Vertex2D.hlsl">
      <Filter>DirectXLib\Shader\Shader2D</Filter>
    </FxCompile>
    <FxCompile Include="DirectXLib\Shader\Shader3D\Cloth\ClothSpring.hlsl">
      <Filter>DirectXLib\Shader\Shader3D\Cloth</Filter>
    </FxCompile>
  </ItemGroup>
</Project>