<?xml version="1.0" encoding="utf-8"?>
<Project ToolsVersion="4.0" xmlns="http://schemas.microsoft.com/developer/msbuild/2003">
  <ItemGroup>
    <Filter Include="ソース ファイル">
      <UniqueIdentifier>{4FC737F1-C7A5-4376-A066-2A32D752A2FF}</UniqueIdentifier>
      <Extensions>cpp;c;cc;cxx;def;odl;idl;hpj;bat;asm;asmx</Extensions>
    </Filter>
    <Filter Include="ヘッダー ファイル">
      <UniqueIdentifier>{93995380-89BD-4b04-88EB-625FBE52EBFB}</UniqueIdentifier>
      <Extensions>h;hh;hpp;hxx;hm;inl;inc;ipp;xsd</Extensions>
    </Filter>
    <Filter Include="リソース ファイル">
      <UniqueIdentifier>{67DA6AB6-F800-4c08-8B7A-83BB121AAD01}</UniqueIdentifier>
      <Extensions>rc;ico;cur;bmp;dlg;rc2;rct;bin;rgs;gif;jpg;jpeg;jpe;resx;tiff;tif;png;wav;mfcribbon-ms</Extensions>
    </Filter>
    <Filter Include="ソース ファイル\Dx12Wrapper">
      <UniqueIdentifier>{2c5f8144-50f3-4019-a2f3-bd502acde1c9}</UniqueIdentifier>
    </Filter>
    <Filter Include="ソース ファイル\Application">
      <UniqueIdentifier>{e82ea403-0437-4078-bd80-19dad51e80d8}</UniqueIdentifier>
    </Filter>
    <Filter Include="DirectXlib">
      <UniqueIdentifier>{3c5784f3-a2dc-42c6-863b-b69a32b19001}</UniqueIdentifier>
    </Filter>
    <Filter Include="DirectXlib\DxWindow">
      <UniqueIdentifier>{e3f44038-831a-4f85-83ef-5e6fc6286f29}</UniqueIdentifier>
    </Filter>
    <Filter Include="リソース ファイル\Shader">
      <UniqueIdentifier>{2f607565-c00d-486e-b520-277fb629f7af}</UniqueIdentifier>
    </Filter>
    <Filter Include="ソース ファイル\DX3DRenderer">
      <UniqueIdentifier>{8f96b75e-1ef9-42a4-beb1-84ad1c009c53}</UniqueIdentifier>
    </Filter>
    <Filter Include="ソース ファイル\Dx12Wrapper\RenderTargetView">
      <UniqueIdentifier>{ed01f120-1ebe-4337-846a-d3c8468c415c}</UniqueIdentifier>
    </Filter>
    <Filter Include="ソース ファイル\Dx12Wrapper\CreateScreen">
      <UniqueIdentifier>{5319f35b-416c-448a-b215-a5d3c46ddae2}</UniqueIdentifier>
    </Filter>
    <Filter Include="ソース ファイル\DXHandler">
      <UniqueIdentifier>{ac04ad31-b41f-4ac3-a1f2-e8cfcc94c7d6}</UniqueIdentifier>
    </Filter>
    <Filter Include="ソース ファイル\DXPMDModel">
      <UniqueIdentifier>{3e3ab550-147d-4eae-8129-0719e8cb2a83}</UniqueIdentifier>
    </Filter>
    <Filter Include="ソース ファイル\DXPMDModel\PMDData">
      <UniqueIdentifier>{73814352-a52b-4b2f-b4e0-bb74b000c52c}</UniqueIdentifier>
    </Filter>
    <Filter Include="ソース ファイル\DXPMDModel\PMDData\VMDMotion">
      <UniqueIdentifier>{b57de40c-b4ef-4b6e-bff0-a31363884ab2}</UniqueIdentifier>
    </Filter>
    <Filter Include="ソース ファイル\DXPMDModel\PMDData\VMDMotion\PMDBone">
      <UniqueIdentifier>{50b87c8a-5435-49a7-beff-1006531b7de3}</UniqueIdentifier>
    </Filter>
  </ItemGroup>
  <ItemGroup>
    <ClInclude Include="Dx12Wrapper.h">
      <Filter>ソース ファイル\Dx12Wrapper</Filter>
    </ClInclude>
    <ClInclude Include="PMDRenderer.h">
      <Filter>ソース ファイル\DX3DRenderer</Filter>
    </ClInclude>
    <ClInclude Include="Application.h">
      <Filter>ソース ファイル\Application</Filter>
    </ClInclude>
    <ClInclude Include="GIDirectLib\DirectX12lib.h">
      <Filter>DirectXlib</Filter>
    </ClInclude>
    <ClInclude Include="DX_MultRend.h">
      <Filter>ソース ファイル\Dx12Wrapper\RenderTargetView</Filter>
    </ClInclude>
    <ClInclude Include="DXResource.h">
      <Filter>ソース ファイル\Dx12Wrapper\CreateScreen</Filter>
    </ClInclude>
    <ClInclude Include="DXHandler.h">
      <Filter>ソース ファイル\DXHandler</Filter>
    </ClInclude>
    <ClInclude Include="DXPMDBone.h">
      <Filter>ソース ファイル\DXPMDModel\PMDData\VMDMotion\PMDBone</Filter>
    </ClInclude>
    <ClInclude Include="DXVMDMotion.h">
      <Filter>ソース ファイル\DXPMDModel\PMDData\VMDMotion</Filter>
    </ClInclude>
    <ClInclude Include="DXPMDModel.h">
      <Filter>ソース ファイル\DXPMDModel</Filter>
    </ClInclude>
  </ItemGroup>
  <ItemGroup>
    <FxCompile Include="PixelPolygon.hlsl">
      <Filter>リソース ファイル\Shader</Filter>
    </FxCompile>
    <FxCompile Include="VertexPolygon.hlsl">
      <Filter>リソース ファイル\Shader</Filter>
    </FxCompile>
    <FxCompile Include="BasicPixelShader.hlsl">
      <Filter>リソース ファイル</Filter>
    </FxCompile>
    <FxCompile Include="BasicVertexShader.hlsl">
      <Filter>リソース ファイル</Filter>
    </FxCompile>
  </ItemGroup>
  <ItemGroup>
    <None Include="HeaderPolygon.hlsli">
      <Filter>リソース ファイル\Shader</Filter>
    </None>
    <None Include="BasicShaderHeader.hlsli">
      <Filter>リソース ファイル</Filter>
    </None>
  </ItemGroup>
  <ItemGroup>
    <ClCompile Include="main.cpp">
      <Filter>ソース ファイル</Filter>
    </ClCompile>
    <ClCompile Include="Dx12Wrapper.cpp">
      <Filter>ソース ファイル\Dx12Wrapper</Filter>
    </ClCompile>
    <ClCompile Include="PMDRenderer.cpp">
      <Filter>ソース ファイル\DX3DRenderer</Filter>
    </ClCompile>
    <ClCompile Include="Application.cpp">
      <Filter>ソース ファイル\Application</Filter>
    </ClCompile>
    <ClCompile Include="DX_MultRend.cpp">
      <Filter>ソース ファイル\Dx12Wrapper\RenderTargetView</Filter>
    </ClCompile>
    <ClCompile Include="DXResource.cpp">
      <Filter>ソース ファイル\Dx12Wrapper\CreateScreen</Filter>
    </ClCompile>
    <ClCompile Include="DXHandler.cpp">
      <Filter>ソース ファイル\DXHandler</Filter>
    </ClCompile>
    <ClCompile Include="DXPMDBone.cpp">
      <Filter>ソース ファイル\DXPMDModel\PMDData\VMDMotion\PMDBone</Filter>
    </ClCompile>
    <ClCompile Include="DXVMDMotion.cpp">
      <Filter>ソース ファイル\DXPMDModel\PMDData\VMDMotion</Filter>
    </ClCompile>
    <ClCompile Include="DXPMDModel.cpp">
      <Filter>ソース ファイル\DXPMDModel</Filter>
    </ClCompile>
  </ItemGroup>
</Project>